
Microsoft Visual Studio Solution File, Format Version 12.00
# Visual Studio Version 17
VisualStudioVersion = 17.11.35327.3
MinimumVisualStudioVersion = 10.0.40219.1
Project("{FAE04EC0-301F-11D3-BF4B-00C04F79EFBC}") = "Notebook", "Notebook\Notebook.csproj", "{1752DB31-149B-4EDD-90EB-B884C8559F4C}"
EndProject
Global
	GlobalSection(SolutionConfigurationPlatforms) = preSolution
		Debug|Any CPU = Debug|Any CPU
		Release|Any CPU = Release|Any CPU
	EndGlobalSection
	GlobalSection(ProjectConfigurationPlatforms) = postSolution
		{1752DB31-149B-4EDD-90EB-B884C8559F4C}.Debug|Any CPU.ActiveCfg = Debug|Any CPU
		{1752DB31-149B-4EDD-90EB-B884C8559F4C}.Debug|Any CPU.Build.0 = Debug|Any CPU
		{1752DB31-149B-4EDD-90EB-B884C8559F4C}.Release|Any CPU.ActiveCfg = Release|Any CPU
		{1752DB31-149B-4EDD-90EB-B884C8559F4C}.Release|Any CPU.Build.0 = Release|Any CPU
	EndGlobalSection
	GlobalSection(SolutionProperties) = preSolution
		HideSolutionNode = FALSE
	EndGlobalSection
	GlobalSection(ExtensibilityGlobals) = postSolution
		SolutionGuid = {708E100C-97B4-4A82-8226-69E354120FC0}
	EndGlobalSection
EndGlobal
